
Microsoft Visual Studio Solution File, Format Version 12.00
# Visual Studio Version 17
VisualStudioVersion = 17.4.33205.214
MinimumVisualStudioVersion = 10.0.40219.1
Project("{FAE04EC0-301F-11D3-BF4B-00C04F79EFBC}") = "Space_CF_Project", "Space_CF_Project\Space_CF_Project.csproj", "{0F694D9F-EA1F-4807-B17B-122A4A4F929E}"
EndProject
Global
	GlobalSection(SolutionConfigurationPlatforms) = preSolution
		Debug|Any CPU = Debug|Any CPU
		Release|Any CPU = Release|Any CPU
	EndGlobalSection
	GlobalSection(ProjectConfigurationPlatforms) = postSolution
		{0F694D9F-EA1F-4807-B17B-122A4A4F929E}.Debug|Any CPU.ActiveCfg = Debug|Any CPU
		{0F694D9F-EA1F-4807-B17B-122A4A4F929E}.Debug|Any CPU.Build.0 = Debug|Any CPU
		{0F694D9F-EA1F-4807-B17B-122A4A4F929E}.Release|Any CPU.ActiveCfg = Release|Any CPU
		{0F694D9F-EA1F-4807-B17B-122A4A4F929E}.Release|Any CPU.Build.0 = Release|Any CPU
	EndGlobalSection
	GlobalSection(SolutionProperties) = preSolution
		HideSolutionNode = FALSE
	EndGlobalSection
	GlobalSection(ExtensibilityGlobals) = postSolution
		SolutionGuid = {22867335-4566-4F82-B97F-E23A143E015B}
	EndGlobalSection
EndGlobal
